<?xml version="1.0" encoding="utf-8"?>
<Project ToolsVersion="4.0" xmlns="http://schemas.microsoft.com/developer/msbuild/2003">
  <ItemGroup>
    <Filter Include="Kaynak Dosyalar">
      <UniqueIdentifier>{4FC737F1-C7A5-4376-A066-2A32D752A2FF}</UniqueIdentifier>
      <Extensions>cpp;c;cc;cxx;c++;cppm;ixx;def;odl;idl;hpj;bat;asm;asmx</Extensions>
    </Filter>
    <Filter Include="Üst Bilgi Dosyaları">
      <UniqueIdentifier>{93995380-89BD-4b04-88EB-625FBE52EBFB}</UniqueIdentifier>
      <Extensions>h;hh;hpp;hxx;h++;hm;inl;inc;ipp;xsd</Extensions>
    </Filter>
    <Filter Include="Kaynak Dosyaları">
      <UniqueIdentifier>{67DA6AB6-F800-4c08-8B7A-83BB121AAD01}</UniqueIdentifier>
      <Extensions>rc;ico;cur;bmp;dlg;rc2;rct;bin;rgs;gif;jpg;jpeg;jpe;resx;tiff;tif;png;wav;mfcribbon-ms</Extensions>
    </Filter>
  </ItemGroup>
  <ItemGroup>
    <ClCompile Include="SantracPuanHesaplama.cpp">
      <Filter>Kaynak Dosyalar</Filter>
    </ClCompile>
    <ClCompile Include="Taslar.cpp">
      <Filter>Kaynak Dosyalar</Filter>
    </ClCompile>
    <ClCompile Include="At.cpp">
      <Filter>Kaynak Dosyalar</Filter>
    </ClCompile>
    <ClCompile Include="Sah.cpp">
      <Filter>Kaynak Dosyalar</Filter>
    </ClCompile>
    <ClCompile Include="Piyon.cpp">
      <Filter>Kaynak Dosyalar</Filter>
    </ClCompile>
    <ClCompile Include="Kale.cpp">
      <Filter>Kaynak Dosyalar</Filter>
    </ClCompile>
    <ClCompile Include="Vezir.cpp">
      <Filter>Kaynak Dosyalar</Filter>
    </ClCompile>
    <ClCompile Include="Fil.cpp">
      <Filter>Kaynak Dosyalar</Filter>
    </ClCompile>
  </ItemGroup>
  <ItemGroup>
    <ClInclude Include="Taslar.h">
      <Filter>Kaynak Dosyalar</Filter>
    </ClInclude>
    <ClInclude Include="At.h">
      <Filter>Kaynak Dosyalar</Filter>
    </ClInclude>
    <ClInclude Include="Piyon.h">
      <Filter>Kaynak Dosyalar</Filter>
    </ClInclude>
    <ClInclude Include="Kale.h">
      <Filter>Kaynak Dosyalar</Filter>
    </ClInclude>
    <ClInclude Include="Fil.h">
      <Filter>Kaynak Dosyalar</Filter>
    </ClInclude>
    <ClInclude Include="Vezir.h">
      <Filter>Kaynak Dosyalar</Filter>
    </ClInclude>
    <ClInclude Include="Sah.h">
      <Filter>Kaynak Dosyalar</Filter>
    </ClInclude>
  </ItemGroup>
  <ItemGroup>
    <Text Include="..\OrnekVeriler\board1.txt">
      <Filter>Kaynak Dosyalar</Filter>
    </Text>
    <Text Include="..\OrnekVeriler\board2.txt">
      <Filter>Kaynak Dosyalar</Filter>
    </Text>
    <Text Include="..\OrnekVeriler\board3.txt">
      <Filter>Kaynak Dosyalar</Filter>
    </Text>
  </ItemGroup>
</Project>